
Microsoft Visual Studio Solution File, Format Version 12.00
# Visual Studio Version 17
VisualStudioVersion = 17.8.34322.80
MinimumVisualStudioVersion = 10.0.40219.1
Project("{2150E333-8FDC-42A3-9474-1A3956D46DE8}") = "Solution Items", "Solution Items", "{DA17004E-5140-4505-8EBA-F9BA613C5E61}"
	ProjectSection(SolutionItems) = preProject
		Assignments.md = Assignments.md
		CS_Appls.pdf = CS_Appls.pdf
		CS_Async_Delegate.pdf = CS_Async_Delegate.pdf
		gb.sql = gb.sql
		Generics_Lab.pdf = Generics_Lab.pdf
		LINQ_HOL.pdf = LINQ_HOL.pdf
		readme.md = readme.md
		TrgImages.pptx = TrgImages.pptx
	EndProjectSection
EndProject
Project("{2150E333-8FDC-42A3-9474-1A3956D46DE8}") = "Fundamentals", "Fundamentals", "{1898B425-32FF-4179-A34E-6AA80CB356AA}"
EndProject
Project("{9A19103F-16F7-4668-BE54-9A1E7A4F7556}") = "CS_InputOutput", "CS_InputOutput\CS_InputOutput.csproj", "{640A22DD-DC7B-4043-A579-EDDDE4B40FC3}"
EndProject
Project("{9A19103F-16F7-4668-BE54-9A1E7A4F7556}") = "CS_Methods", "CS_Methods\CS_Methods.csproj", "{45F82E6E-8571-4226-A4BD-D7547F73E0BB}"
EndProject
Project("{9A19103F-16F7-4668-BE54-9A1E7A4F7556}") = "CS_Structs", "CS_Structs\CS_Structs.csproj", "{4F34CE69-AAC5-4117-8241-AD3C63206010}"
EndProject
Project("{9A19103F-16F7-4668-BE54-9A1E7A4F7556}") = "CS_Box_UnBox", "CS_Box_UnBox\CS_Box_UnBox.csproj", "{F53DB4AB-DF15-4559-9520-88926FD26A56}"
EndProject
Project("{2150E333-8FDC-42A3-9474-1A3956D46DE8}") = "OOPs", "OOPs", "{BA48ECA8-C23C-416E-B156-565E092F4F57}"
EndProject
Project("{9A19103F-16F7-4668-BE54-9A1E7A4F7556}") = "CS_Basics", "CS_Basics\CS_Basics.csproj", "{647BC59B-D123-455D-83FD-3EB45A003E9F}"
EndProject
Project("{9A19103F-16F7-4668-BE54-9A1E7A4F7556}") = "CS_OOPs_Design", "CS_OOPs_Design\CS_OOPs_Design.csproj", "{AB0E159E-E14C-4CF3-AB0B-3D2BA16B1AB4}"
EndProject
Project("{9A19103F-16F7-4668-BE54-9A1E7A4F7556}") = "CS_App", "CS_App\CS_App.csproj", "{9F79B8B9-E6F8-431C-AF72-B77EFC4DB1AC}"
EndProject
Project("{9A19103F-16F7-4668-BE54-9A1E7A4F7556}") = "CS_Collections", "CS_Collections\CS_Collections.csproj", "{EC28657D-7793-4173-896D-8DEDE30D5CCA}"
EndProject
Project("{9A19103F-16F7-4668-BE54-9A1E7A4F7556}") = "CS_SimpleMath", "CS_SimpleMath\CS_SimpleMath.csproj", "{26E56273-EC5E-4A6F-9506-11206B4EA765}"
EndProject
Project("{9A19103F-16F7-4668-BE54-9A1E7A4F7556}") = "CS_Overloading", "CS_Overloading\CS_Overloading.csproj", "{FCFAF854-8EBB-498B-A874-1C945E48E856}"
EndProject
Project("{9A19103F-16F7-4668-BE54-9A1E7A4F7556}") = "CS_StandardGenerics", "CS_StandardGenerics\CS_StandardGenerics.csproj", "{2A15366B-0D19-4717-AD25-150D771BDF63}"
EndProject
Project("{9A19103F-16F7-4668-BE54-9A1E7A4F7556}") = "CS_Generics_Methods", "CS_Generics_Methods\CS_Generics_Methods.csproj", "{302F7198-B919-4FAE-8DAF-6C73A6F1DBC0}"
EndProject
Project("{9A19103F-16F7-4668-BE54-9A1E7A4F7556}") = "CS_Dictionary", "CS_Dictionary\CS_Dictionary.csproj", "{DF03E7A0-9443-420C-84D3-50B0DA865720}"
EndProject
Project("{9A19103F-16F7-4668-BE54-9A1E7A4F7556}") = "CS_ref_out_params", "CS_ref_out_params\CS_ref_out_params.csproj", "{0438C0DE-CF6B-434C-8C2A-60464DAFC708}"
EndProject
Project("{9A19103F-16F7-4668-BE54-9A1E7A4F7556}") = "CS_Sealed_Extension", "CS_Sealed_Extension\CS_Sealed_Extension.csproj", "{4FF36367-6C99-4D8F-8AC3-04D5DB0D192D}"
EndProject
Project("{9A19103F-16F7-4668-BE54-9A1E7A4F7556}") = "CS_GenericStack", "CS_GenericStack\CS_GenericStack.csproj", "{0A1567D7-E439-4391-A3A8-B9ECC08062F1}"
EndProject
Project("{9A19103F-16F7-4668-BE54-9A1E7A4F7556}") = "CS_App_GenericBased", "CS_App_GenericBased\CS_App_GenericBased.csproj", "{C7DCD58C-D029-4C41-A377-A8044E8951AF}"
EndProject
Project("{9A19103F-16F7-4668-BE54-9A1E7A4F7556}") = "CS_Delegate", "CS_Delegate\CS_Delegate.csproj", "{7131B260-A3FB-4116-A31F-EA5A9A741836}"
EndProject
Project("{9A19103F-16F7-4668-BE54-9A1E7A4F7556}") = "CS_Event", "CS_Event\CS_Event.csproj", "{AAAAA6EE-0546-46C7-B1F5-F59AAF3E1C65}"
EndProject
Project("{2150E333-8FDC-42A3-9474-1A3956D46DE8}") = "TPLDemos", "TPLDemos", "{F86D3F47-FF52-4E16-B6CB-C629E8855B9B}"
EndProject
Project("{9A19103F-16F7-4668-BE54-9A1E7A4F7556}") = "CS_Parallel_For", "CS_Parallel_For\CS_Parallel_For.csproj", "{C65105B1-537F-49EC-8910-41194CACCF66}"
EndProject
Project("{9A19103F-16F7-4668-BE54-9A1E7A4F7556}") = "CS_Parallel_Invoke", "CS_Parallel_Invoke\CS_Parallel_Invoke.csproj", "{7B495381-B711-4200-B774-1FED56D998C1}"
EndProject
Project("{9A19103F-16F7-4668-BE54-9A1E7A4F7556}") = "CS_TaskObject", "CS_TaskObject\CS_TaskObject.csproj", "{D2F6E2D6-F157-4873-B268-E474C09705F2}"
EndProject
Project("{9A19103F-16F7-4668-BE54-9A1E7A4F7556}") = "CS_Task_ReturnValue", "CS_Task_ReturnValue\CS_Task_ReturnValue.csproj", "{77717004-5237-4603-8CAD-415DF366536D}"
EndProject
Project("{9A19103F-16F7-4668-BE54-9A1E7A4F7556}") = "CS_Task_Continue", "CS_Task_Continue\CS_Task_Continue.csproj", "{B6A5E558-0395-4D70-81CD-C21754FAE532}"
EndProject
Project("{2150E333-8FDC-42A3-9474-1A3956D46DE8}") = "LINQApps", "LINQApps", "{EF294891-58F8-4C97-B6C7-7037E5773070}"
EndProject
Project("{9A19103F-16F7-4668-BE54-9A1E7A4F7556}") = "CS_LINQ", "CS_LINQ\CS_LINQ.csproj", "{75E7C4E4-1E34-4260-A963-2625BD905ADC}"
EndProject
Project("{9A19103F-16F7-4668-BE54-9A1E7A4F7556}") = "CS_Async_Await", "CS_Async_Await\CS_Async_Await.csproj", "{71344996-0E6B-4CA2-AF49-B35FA9D84FF8}"
EndProject
Project("{9A19103F-16F7-4668-BE54-9A1E7A4F7556}") = "CS_Interface", "CS_Interface\CS_Interface.csproj", "{101D4033-4845-4E1E-AF1B-013B32C72620}"
EndProject
Project("{9A19103F-16F7-4668-BE54-9A1E7A4F7556}") = "CS_Interface_System", "CS_Interface_System\CS_Interface_System.csproj", "{74EDA2A1-0135-44F4-A13A-F936FBD35888}"
EndProject
Project("{9A19103F-16F7-4668-BE54-9A1E7A4F7556}") = "CS_Joins", "CS_Joins\CS_Joins.csproj", "{8B44C11D-EEA4-4D56-81A7-6E849974F835}"
EndProject
Project("{FAE04EC0-301F-11D3-BF4B-00C04F79EFBC}") = "CS_EFCore_DbFirst", "CS_EFCore_DbFirst\CS_EFCore_DbFirst.csproj", "{4A5C6F83-E206-4C2C-9B97-15596BD95530}"
EndProject
Global
	GlobalSection(SolutionConfigurationPlatforms) = preSolution
		Debug|Any CPU = Debug|Any CPU
		Release|Any CPU = Release|Any CPU
	EndGlobalSection
	GlobalSection(ProjectConfigurationPlatforms) = postSolution
		{640A22DD-DC7B-4043-A579-EDDDE4B40FC3}.Debug|Any CPU.ActiveCfg = Debug|Any CPU
		{640A22DD-DC7B-4043-A579-EDDDE4B40FC3}.Debug|Any CPU.Build.0 = Debug|Any CPU
		{640A22DD-DC7B-4043-A579-EDDDE4B40FC3}.Release|Any CPU.ActiveCfg = Release|Any CPU
		{640A22DD-DC7B-4043-A579-EDDDE4B40FC3}.Release|Any CPU.Build.0 = Release|Any CPU
		{45F82E6E-8571-4226-A4BD-D7547F73E0BB}.Debug|Any CPU.ActiveCfg = Debug|Any CPU
		{45F82E6E-8571-4226-A4BD-D7547F73E0BB}.Debug|Any CPU.Build.0 = Debug|Any CPU
		{45F82E6E-8571-4226-A4BD-D7547F73E0BB}.Release|Any CPU.ActiveCfg = Release|Any CPU
		{45F82E6E-8571-4226-A4BD-D7547F73E0BB}.Release|Any CPU.Build.0 = Release|Any CPU
		{4F34CE69-AAC5-4117-8241-AD3C63206010}.Debug|Any CPU.ActiveCfg = Debug|Any CPU
		{4F34CE69-AAC5-4117-8241-AD3C63206010}.Debug|Any CPU.Build.0 = Debug|Any CPU
		{4F34CE69-AAC5-4117-8241-AD3C63206010}.Release|Any CPU.ActiveCfg = Release|Any CPU
		{4F34CE69-AAC5-4117-8241-AD3C63206010}.Release|Any CPU.Build.0 = Release|Any CPU
		{F53DB4AB-DF15-4559-9520-88926FD26A56}.Debug|Any CPU.ActiveCfg = Debug|Any CPU
		{F53DB4AB-DF15-4559-9520-88926FD26A56}.Debug|Any CPU.Build.0 = Debug|Any CPU
		{F53DB4AB-DF15-4559-9520-88926FD26A56}.Release|Any CPU.ActiveCfg = Release|Any CPU
		{F53DB4AB-DF15-4559-9520-88926FD26A56}.Release|Any CPU.Build.0 = Release|Any CPU
		{647BC59B-D123-455D-83FD-3EB45A003E9F}.Debug|Any CPU.ActiveCfg = Debug|Any CPU
		{647BC59B-D123-455D-83FD-3EB45A003E9F}.Debug|Any CPU.Build.0 = Debug|Any CPU
		{647BC59B-D123-455D-83FD-3EB45A003E9F}.Release|Any CPU.ActiveCfg = Release|Any CPU
		{647BC59B-D123-455D-83FD-3EB45A003E9F}.Release|Any CPU.Build.0 = Release|Any CPU
		{AB0E159E-E14C-4CF3-AB0B-3D2BA16B1AB4}.Debug|Any CPU.ActiveCfg = Debug|Any CPU
		{AB0E159E-E14C-4CF3-AB0B-3D2BA16B1AB4}.Debug|Any CPU.Build.0 = Debug|Any CPU
		{AB0E159E-E14C-4CF3-AB0B-3D2BA16B1AB4}.Release|Any CPU.ActiveCfg = Release|Any CPU
		{AB0E159E-E14C-4CF3-AB0B-3D2BA16B1AB4}.Release|Any CPU.Build.0 = Release|Any CPU
		{9F79B8B9-E6F8-431C-AF72-B77EFC4DB1AC}.Debug|Any CPU.ActiveCfg = Debug|Any CPU
		{9F79B8B9-E6F8-431C-AF72-B77EFC4DB1AC}.Debug|Any CPU.Build.0 = Debug|Any CPU
		{9F79B8B9-E6F8-431C-AF72-B77EFC4DB1AC}.Release|Any CPU.ActiveCfg = Release|Any CPU
		{9F79B8B9-E6F8-431C-AF72-B77EFC4DB1AC}.Release|Any CPU.Build.0 = Release|Any CPU
		{EC28657D-7793-4173-896D-8DEDE30D5CCA}.Debug|Any CPU.ActiveCfg = Debug|Any CPU
		{EC28657D-7793-4173-896D-8DEDE30D5CCA}.Debug|Any CPU.Build.0 = Debug|Any CPU
		{EC28657D-7793-4173-896D-8DEDE30D5CCA}.Release|Any CPU.ActiveCfg = Release|Any CPU
		{EC28657D-7793-4173-896D-8DEDE30D5CCA}.Release|Any CPU.Build.0 = Release|Any CPU
		{26E56273-EC5E-4A6F-9506-11206B4EA765}.Debug|Any CPU.ActiveCfg = Debug|Any CPU
		{26E56273-EC5E-4A6F-9506-11206B4EA765}.Debug|Any CPU.Build.0 = Debug|Any CPU
		{26E56273-EC5E-4A6F-9506-11206B4EA765}.Release|Any CPU.ActiveCfg = Release|Any CPU
		{26E56273-EC5E-4A6F-9506-11206B4EA765}.Release|Any CPU.Build.0 = Release|Any CPU
		{FCFAF854-8EBB-498B-A874-1C945E48E856}.Debug|Any CPU.ActiveCfg = Debug|Any CPU
		{FCFAF854-8EBB-498B-A874-1C945E48E856}.Debug|Any CPU.Build.0 = Debug|Any CPU
		{FCFAF854-8EBB-498B-A874-1C945E48E856}.Release|Any CPU.ActiveCfg = Release|Any CPU
		{FCFAF854-8EBB-498B-A874-1C945E48E856}.Release|Any CPU.Build.0 = Release|Any CPU
		{2A15366B-0D19-4717-AD25-150D771BDF63}.Debug|Any CPU.ActiveCfg = Debug|Any CPU
		{2A15366B-0D19-4717-AD25-150D771BDF63}.Debug|Any CPU.Build.0 = Debug|Any CPU
		{2A15366B-0D19-4717-AD25-150D771BDF63}.Release|Any CPU.ActiveCfg = Release|Any CPU
		{2A15366B-0D19-4717-AD25-150D771BDF63}.Release|Any CPU.Build.0 = Release|Any CPU
		{302F7198-B919-4FAE-8DAF-6C73A6F1DBC0}.Debug|Any CPU.ActiveCfg = Debug|Any CPU
		{302F7198-B919-4FAE-8DAF-6C73A6F1DBC0}.Debug|Any CPU.Build.0 = Debug|Any CPU
		{302F7198-B919-4FAE-8DAF-6C73A6F1DBC0}.Release|Any CPU.ActiveCfg = Release|Any CPU
		{302F7198-B919-4FAE-8DAF-6C73A6F1DBC0}.Release|Any CPU.Build.0 = Release|Any CPU
		{DF03E7A0-9443-420C-84D3-50B0DA865720}.Debug|Any CPU.ActiveCfg = Debug|Any CPU
		{DF03E7A0-9443-420C-84D3-50B0DA865720}.Debug|Any CPU.Build.0 = Debug|Any CPU
		{DF03E7A0-9443-420C-84D3-50B0DA865720}.Release|Any CPU.ActiveCfg = Release|Any CPU
		{DF03E7A0-9443-420C-84D3-50B0DA865720}.Release|Any CPU.Build.0 = Release|Any CPU
		{0438C0DE-CF6B-434C-8C2A-60464DAFC708}.Debug|Any CPU.ActiveCfg = Debug|Any CPU
		{0438C0DE-CF6B-434C-8C2A-60464DAFC708}.Debug|Any CPU.Build.0 = Debug|Any CPU
		{0438C0DE-CF6B-434C-8C2A-60464DAFC708}.Release|Any CPU.ActiveCfg = Release|Any CPU
		{0438C0DE-CF6B-434C-8C2A-60464DAFC708}.Release|Any CPU.Build.0 = Release|Any CPU
		{4FF36367-6C99-4D8F-8AC3-04D5DB0D192D}.Debug|Any CPU.ActiveCfg = Debug|Any CPU
		{4FF36367-6C99-4D8F-8AC3-04D5DB0D192D}.Debug|Any CPU.Build.0 = Debug|Any CPU
		{4FF36367-6C99-4D8F-8AC3-04D5DB0D192D}.Release|Any CPU.ActiveCfg = Release|Any CPU
		{4FF36367-6C99-4D8F-8AC3-04D5DB0D192D}.Release|Any CPU.Build.0 = Release|Any CPU
		{0A1567D7-E439-4391-A3A8-B9ECC08062F1}.Debug|Any CPU.ActiveCfg = Debug|Any CPU
		{0A1567D7-E439-4391-A3A8-B9ECC08062F1}.Debug|Any CPU.Build.0 = Debug|Any CPU
		{0A1567D7-E439-4391-A3A8-B9ECC08062F1}.Release|Any CPU.ActiveCfg = Release|Any CPU
		{0A1567D7-E439-4391-A3A8-B9ECC08062F1}.Release|Any CPU.Build.0 = Release|Any CPU
		{C7DCD58C-D029-4C41-A377-A8044E8951AF}.Debug|Any CPU.ActiveCfg = Debug|Any CPU
		{C7DCD58C-D029-4C41-A377-A8044E8951AF}.Debug|Any CPU.Build.0 = Debug|Any CPU
		{C7DCD58C-D029-4C41-A377-A8044E8951AF}.Release|Any CPU.ActiveCfg = Release|Any CPU
		{C7DCD58C-D029-4C41-A377-A8044E8951AF}.Release|Any CPU.Build.0 = Release|Any CPU
		{7131B260-A3FB-4116-A31F-EA5A9A741836}.Debug|Any CPU.ActiveCfg = Debug|Any CPU
		{7131B260-A3FB-4116-A31F-EA5A9A741836}.Debug|Any CPU.Build.0 = Debug|Any CPU
		{7131B260-A3FB-4116-A31F-EA5A9A741836}.Release|Any CPU.ActiveCfg = Release|Any CPU
		{7131B260-A3FB-4116-A31F-EA5A9A741836}.Release|Any CPU.Build.0 = Release|Any CPU
		{AAAAA6EE-0546-46C7-B1F5-F59AAF3E1C65}.Debug|Any CPU.ActiveCfg = Debug|Any CPU
		{AAAAA6EE-0546-46C7-B1F5-F59AAF3E1C65}.Debug|Any CPU.Build.0 = Debug|Any CPU
		{AAAAA6EE-0546-46C7-B1F5-F59AAF3E1C65}.Release|Any CPU.ActiveCfg = Release|Any CPU
		{AAAAA6EE-0546-46C7-B1F5-F59AAF3E1C65}.Release|Any CPU.Build.0 = Release|Any CPU
		{C65105B1-537F-49EC-8910-41194CACCF66}.Debug|Any CPU.ActiveCfg = Debug|Any CPU
		{C65105B1-537F-49EC-8910-41194CACCF66}.Debug|Any CPU.Build.0 = Debug|Any CPU
		{C65105B1-537F-49EC-8910-41194CACCF66}.Release|Any CPU.ActiveCfg = Release|Any CPU
		{C65105B1-537F-49EC-8910-41194CACCF66}.Release|Any CPU.Build.0 = Release|Any CPU
		{7B495381-B711-4200-B774-1FED56D998C1}.Debug|Any CPU.ActiveCfg = Debug|Any CPU
		{7B495381-B711-4200-B774-1FED56D998C1}.Debug|Any CPU.Build.0 = Debug|Any CPU
		{7B495381-B711-4200-B774-1FED56D998C1}.Release|Any CPU.ActiveCfg = Release|Any CPU
		{7B495381-B711-4200-B774-1FED56D998C1}.Release|Any CPU.Build.0 = Release|Any CPU
		{D2F6E2D6-F157-4873-B268-E474C09705F2}.Debug|Any CPU.ActiveCfg = Debug|Any CPU
		{D2F6E2D6-F157-4873-B268-E474C09705F2}.Debug|Any CPU.Build.0 = Debug|Any CPU
		{D2F6E2D6-F157-4873-B268-E474C09705F2}.Release|Any CPU.ActiveCfg = Release|Any CPU
		{D2F6E2D6-F157-4873-B268-E474C09705F2}.Release|Any CPU.Build.0 = Release|Any CPU
		{77717004-5237-4603-8CAD-415DF366536D}.Debug|Any CPU.ActiveCfg = Debug|Any CPU
		{77717004-5237-4603-8CAD-415DF366536D}.Debug|Any CPU.Build.0 = Debug|Any CPU
		{77717004-5237-4603-8CAD-415DF366536D}.Release|Any CPU.ActiveCfg = Release|Any CPU
		{77717004-5237-4603-8CAD-415DF366536D}.Release|Any CPU.Build.0 = Release|Any CPU
		{B6A5E558-0395-4D70-81CD-C21754FAE532}.Debug|Any CPU.ActiveCfg = Debug|Any CPU
		{B6A5E558-0395-4D70-81CD-C21754FAE532}.Debug|Any CPU.Build.0 = Debug|Any CPU
		{B6A5E558-0395-4D70-81CD-C21754FAE532}.Release|Any CPU.ActiveCfg = Release|Any CPU
		{B6A5E558-0395-4D70-81CD-C21754FAE532}.Release|Any CPU.Build.0 = Release|Any CPU
		{75E7C4E4-1E34-4260-A963-2625BD905ADC}.Debug|Any CPU.ActiveCfg = Debug|Any CPU
		{75E7C4E4-1E34-4260-A963-2625BD905ADC}.Debug|Any CPU.Build.0 = Debug|Any CPU
		{75E7C4E4-1E34-4260-A963-2625BD905ADC}.Release|Any CPU.ActiveCfg = Release|Any CPU
		{75E7C4E4-1E34-4260-A963-2625BD905ADC}.Release|Any CPU.Build.0 = Release|Any CPU
		{71344996-0E6B-4CA2-AF49-B35FA9D84FF8}.Debug|Any CPU.ActiveCfg = Debug|Any CPU
		{71344996-0E6B-4CA2-AF49-B35FA9D84FF8}.Debug|Any CPU.Build.0 = Debug|Any CPU
		{71344996-0E6B-4CA2-AF49-B35FA9D84FF8}.Release|Any CPU.ActiveCfg = Release|Any CPU
		{71344996-0E6B-4CA2-AF49-B35FA9D84FF8}.Release|Any CPU.Build.0 = Release|Any CPU
		{101D4033-4845-4E1E-AF1B-013B32C72620}.Debug|Any CPU.ActiveCfg = Debug|Any CPU
		{101D4033-4845-4E1E-AF1B-013B32C72620}.Debug|Any CPU.Build.0 = Debug|Any CPU
		{101D4033-4845-4E1E-AF1B-013B32C72620}.Release|Any CPU.ActiveCfg = Release|Any CPU
		{101D4033-4845-4E1E-AF1B-013B32C72620}.Release|Any CPU.Build.0 = Release|Any CPU
		{74EDA2A1-0135-44F4-A13A-F936FBD35888}.Debug|Any CPU.ActiveCfg = Debug|Any CPU
		{74EDA2A1-0135-44F4-A13A-F936FBD35888}.Debug|Any CPU.Build.0 = Debug|Any CPU
		{74EDA2A1-0135-44F4-A13A-F936FBD35888}.Release|Any CPU.ActiveCfg = Release|Any CPU
		{74EDA2A1-0135-44F4-A13A-F936FBD35888}.Release|Any CPU.Build.0 = Release|Any CPU
		{8B44C11D-EEA4-4D56-81A7-6E849974F835}.Debug|Any CPU.ActiveCfg = Debug|Any CPU
		{8B44C11D-EEA4-4D56-81A7-6E849974F835}.Debug|Any CPU.Build.0 = Debug|Any CPU
		{8B44C11D-EEA4-4D56-81A7-6E849974F835}.Release|Any CPU.ActiveCfg = Release|Any CPU
		{8B44C11D-EEA4-4D56-81A7-6E849974F835}.Release|Any CPU.Build.0 = Release|Any CPU
		{4A5C6F83-E206-4C2C-9B97-15596BD95530}.Debug|Any CPU.ActiveCfg = Debug|Any CPU
		{4A5C6F83-E206-4C2C-9B97-15596BD95530}.Debug|Any CPU.Build.0 = Debug|Any CPU
		{4A5C6F83-E206-4C2C-9B97-15596BD95530}.Release|Any CPU.ActiveCfg = Release|Any CPU
		{4A5C6F83-E206-4C2C-9B97-15596BD95530}.Release|Any CPU.Build.0 = Release|Any CPU
	EndGlobalSection
	GlobalSection(SolutionProperties) = preSolution
		HideSolutionNode = FALSE
	EndGlobalSection
	GlobalSection(NestedProjects) = preSolution
		{640A22DD-DC7B-4043-A579-EDDDE4B40FC3} = {1898B425-32FF-4179-A34E-6AA80CB356AA}
		{45F82E6E-8571-4226-A4BD-D7547F73E0BB} = {1898B425-32FF-4179-A34E-6AA80CB356AA}
		{4F34CE69-AAC5-4117-8241-AD3C63206010} = {1898B425-32FF-4179-A34E-6AA80CB356AA}
		{F53DB4AB-DF15-4559-9520-88926FD26A56} = {1898B425-32FF-4179-A34E-6AA80CB356AA}
		{647BC59B-D123-455D-83FD-3EB45A003E9F} = {BA48ECA8-C23C-416E-B156-565E092F4F57}
		{AB0E159E-E14C-4CF3-AB0B-3D2BA16B1AB4} = {BA48ECA8-C23C-416E-B156-565E092F4F57}
		{9F79B8B9-E6F8-431C-AF72-B77EFC4DB1AC} = {BA48ECA8-C23C-416E-B156-565E092F4F57}
		{EC28657D-7793-4173-896D-8DEDE30D5CCA} = {1898B425-32FF-4179-A34E-6AA80CB356AA}
		{26E56273-EC5E-4A6F-9506-11206B4EA765} = {BA48ECA8-C23C-416E-B156-565E092F4F57}
		{FCFAF854-8EBB-498B-A874-1C945E48E856} = {BA48ECA8-C23C-416E-B156-565E092F4F57}
		{2A15366B-0D19-4717-AD25-150D771BDF63} = {1898B425-32FF-4179-A34E-6AA80CB356AA}
		{302F7198-B919-4FAE-8DAF-6C73A6F1DBC0} = {1898B425-32FF-4179-A34E-6AA80CB356AA}
		{DF03E7A0-9443-420C-84D3-50B0DA865720} = {1898B425-32FF-4179-A34E-6AA80CB356AA}
		{0438C0DE-CF6B-434C-8C2A-60464DAFC708} = {1898B425-32FF-4179-A34E-6AA80CB356AA}
		{4FF36367-6C99-4D8F-8AC3-04D5DB0D192D} = {BA48ECA8-C23C-416E-B156-565E092F4F57}
		{0A1567D7-E439-4391-A3A8-B9ECC08062F1} = {BA48ECA8-C23C-416E-B156-565E092F4F57}
		{C7DCD58C-D029-4C41-A377-A8044E8951AF} = {BA48ECA8-C23C-416E-B156-565E092F4F57}
		{7131B260-A3FB-4116-A31F-EA5A9A741836} = {1898B425-32FF-4179-A34E-6AA80CB356AA}
		{AAAAA6EE-0546-46C7-B1F5-F59AAF3E1C65} = {1898B425-32FF-4179-A34E-6AA80CB356AA}
		{C65105B1-537F-49EC-8910-41194CACCF66} = {F86D3F47-FF52-4E16-B6CB-C629E8855B9B}
		{7B495381-B711-4200-B774-1FED56D998C1} = {F86D3F47-FF52-4E16-B6CB-C629E8855B9B}
		{D2F6E2D6-F157-4873-B268-E474C09705F2} = {F86D3F47-FF52-4E16-B6CB-C629E8855B9B}
		{77717004-5237-4603-8CAD-415DF366536D} = {F86D3F47-FF52-4E16-B6CB-C629E8855B9B}
		{B6A5E558-0395-4D70-81CD-C21754FAE532} = {F86D3F47-FF52-4E16-B6CB-C629E8855B9B}
		{75E7C4E4-1E34-4260-A963-2625BD905ADC} = {EF294891-58F8-4C97-B6C7-7037E5773070}
		{71344996-0E6B-4CA2-AF49-B35FA9D84FF8} = {F86D3F47-FF52-4E16-B6CB-C629E8855B9B}
		{101D4033-4845-4E1E-AF1B-013B32C72620} = {BA48ECA8-C23C-416E-B156-565E092F4F57}
		{74EDA2A1-0135-44F4-A13A-F936FBD35888} = {BA48ECA8-C23C-416E-B156-565E092F4F57}
		{8B44C11D-EEA4-4D56-81A7-6E849974F835} = {EF294891-58F8-4C97-B6C7-7037E5773070}
	EndGlobalSection
	GlobalSection(ExtensibilityGlobals) = postSolution
		SolutionGuid = {4743CE79-6E5B-4934-85B4-89837EEEAB17}
	EndGlobalSection
EndGlobal
